
Microsoft Visual Studio Solution File, Format Version 12.00
# Visual Studio Version 17
VisualStudioVersion = 17.4.33213.308
MinimumVisualStudioVersion = 10.0.40219.1
Project("{9A19103F-16F7-4668-BE54-9A1E7A4F7556}") = "JGLB.MDUI", "JGLB.MDUI.csproj", "{5DDC811A-6D5A-4E20-99DB-4EC3D96FDA50}"
EndProject
Global
	GlobalSection(SolutionConfigurationPlatforms) = preSolution
		Debug|Any CPU = Debug|Any CPU
		Release|Any CPU = Release|Any CPU
	EndGlobalSection
	GlobalSection(ProjectConfigurationPlatforms) = postSolution
		{5DDC811A-6D5A-4E20-99DB-4EC3D96FDA50}.Debug|Any CPU.ActiveCfg = Debug|Any CPU
		{5DDC811A-6D5A-4E20-99DB-4EC3D96FDA50}.Debug|Any CPU.Build.0 = Debug|Any CPU
		{5DDC811A-6D5A-4E20-99DB-4EC3D96FDA50}.Release|Any CPU.ActiveCfg = Release|Any CPU
		{5DDC811A-6D5A-4E20-99DB-4EC3D96FDA50}.Release|Any CPU.Build.0 = Release|Any CPU
	EndGlobalSection
	GlobalSection(SolutionProperties) = preSolution
		HideSolutionNode = FALSE
	EndGlobalSection
	GlobalSection(ExtensibilityGlobals) = postSolution
		SolutionGuid = {99225365-BF78-46E6-8C98-CD8A649644E3}
	EndGlobalSection
EndGlobal
